
Microsoft Visual Studio Solution File, Format Version 12.00
# Visual Studio Version 17
VisualStudioVersion = 17.6.33829.357
MinimumVisualStudioVersion = 10.0.40219.1
Project("{FAE04EC0-301F-11D3-BF4B-00C04F79EFBC}") = "FirstWeek", "FirstWeek\FirstWeek.csproj", "{40B3A5AB-4206-4F7E-9044-C19A7F168835}"
EndProject
Project("{FAE04EC0-301F-11D3-BF4B-00C04F79EFBC}") = "Week2", "Week2\Week2.csproj", "{8BB1C0E7-7583-46E9-8CC9-95E1A1AB77E4}"
EndProject
Project("{FAE04EC0-301F-11D3-BF4B-00C04F79EFBC}") = "Week3", "Week3\Week3.csproj", "{CA4D59C4-4362-4EDA-BC49-08E71C544441}"
EndProject
Project("{FAE04EC0-301F-11D3-BF4B-00C04F79EFBC}") = "Week4", "Week4\Week4.csproj", "{59E1AB56-6A31-4FED-9D1D-F268FBAEB89B}"
EndProject
Project("{FAE04EC0-301F-11D3-BF4B-00C04F79EFBC}") = "Week5", "Week5\Week5.csproj", "{AA55CBDB-3875-4CFE-B775-8440C65F0447}"
EndProject
Project("{FAE04EC0-301F-11D3-BF4B-00C04F79EFBC}") = "Week6", "Week6\Week6.csproj", "{365E4C96-AE10-4893-BEE4-E0160B93D011}"
EndProject
Project("{FAE04EC0-301F-11D3-BF4B-00C04F79EFBC}") = "Week7", "Week7\Week7.csproj", "{E47D8D15-4019-4D65-89EB-0CC230B7BED4}"
EndProject
Project("{FAE04EC0-301F-11D3-BF4B-00C04F79EFBC}") = "Week8", "Week8\Week8.csproj", "{53F09A3D-8B41-419C-A955-C62F81A9C9F8}"
EndProject
Project("{FAE04EC0-301F-11D3-BF4B-00C04F79EFBC}") = "Week9", "Week9\Week9.csproj", "{D3BE7F66-920E-42C2-B44F-A1A9B97DAB5E}"
EndProject
Project("{FAE04EC0-301F-11D3-BF4B-00C04F79EFBC}") = "Week10", "Week10\Week10.csproj", "{FDA764B4-F6BD-414A-A5CF-12E4FFF69E6E}"
EndProject
Project("{FAE04EC0-301F-11D3-BF4B-00C04F79EFBC}") = "Week11", "Week11\Week11.csproj", "{43950113-EE84-440D-9E6C-0EA5C2C74AC0}"
EndProject
Project("{9A19103F-16F7-4668-BE54-9A1E7A4F7556}") = "LinePuzzleGame", "LinePuzzleGame\LinePuzzleGame.csproj", "{775C4A1E-46B4-4531-B8B4-E87BEC3D0687}"
EndProject
Project("{FAE04EC0-301F-11D3-BF4B-00C04F79EFBC}") = "Week12", "Week12\Week12.csproj", "{4FD176CF-FF38-448E-9329-60502BACA463}"
EndProject
Project("{FAE04EC0-301F-11D3-BF4B-00C04F79EFBC}") = "Week13", "Week13\Week13.csproj", "{86DC7DE6-13A7-461F-B905-04AE5B8EC4F8}"
EndProject
Global
	GlobalSection(SolutionConfigurationPlatforms) = preSolution
		Debug|Any CPU = Debug|Any CPU
		Release|Any CPU = Release|Any CPU
	EndGlobalSection
	GlobalSection(ProjectConfigurationPlatforms) = postSolution
		{40B3A5AB-4206-4F7E-9044-C19A7F168835}.Debug|Any CPU.ActiveCfg = Debug|Any CPU
		{40B3A5AB-4206-4F7E-9044-C19A7F168835}.Debug|Any CPU.Build.0 = Debug|Any CPU
		{40B3A5AB-4206-4F7E-9044-C19A7F168835}.Release|Any CPU.ActiveCfg = Release|Any CPU
		{40B3A5AB-4206-4F7E-9044-C19A7F168835}.Release|Any CPU.Build.0 = Release|Any CPU
		{8BB1C0E7-7583-46E9-8CC9-95E1A1AB77E4}.Debug|Any CPU.ActiveCfg = Debug|Any CPU
		{8BB1C0E7-7583-46E9-8CC9-95E1A1AB77E4}.Debug|Any CPU.Build.0 = Debug|Any CPU
		{8BB1C0E7-7583-46E9-8CC9-95E1A1AB77E4}.Release|Any CPU.ActiveCfg = Release|Any CPU
		{8BB1C0E7-7583-46E9-8CC9-95E1A1AB77E4}.Release|Any CPU.Build.0 = Release|Any CPU
		{CA4D59C4-4362-4EDA-BC49-08E71C544441}.Debug|Any CPU.ActiveCfg = Debug|Any CPU
		{CA4D59C4-4362-4EDA-BC49-08E71C544441}.Debug|Any CPU.Build.0 = Debug|Any CPU
		{CA4D59C4-4362-4EDA-BC49-08E71C544441}.Release|Any CPU.ActiveCfg = Release|Any CPU
		{CA4D59C4-4362-4EDA-BC49-08E71C544441}.Release|Any CPU.Build.0 = Release|Any CPU
		{59E1AB56-6A31-4FED-9D1D-F268FBAEB89B}.Debug|Any CPU.ActiveCfg = Debug|Any CPU
		{59E1AB56-6A31-4FED-9D1D-F268FBAEB89B}.Debug|Any CPU.Build.0 = Debug|Any CPU
		{59E1AB56-6A31-4FED-9D1D-F268FBAEB89B}.Release|Any CPU.ActiveCfg = Release|Any CPU
		{59E1AB56-6A31-4FED-9D1D-F268FBAEB89B}.Release|Any CPU.Build.0 = Release|Any CPU
		{AA55CBDB-3875-4CFE-B775-8440C65F0447}.Debug|Any CPU.ActiveCfg = Debug|Any CPU
		{AA55CBDB-3875-4CFE-B775-8440C65F0447}.Debug|Any CPU.Build.0 = Debug|Any CPU
		{AA55CBDB-3875-4CFE-B775-8440C65F0447}.Release|Any CPU.ActiveCfg = Release|Any CPU
		{AA55CBDB-3875-4CFE-B775-8440C65F0447}.Release|Any CPU.Build.0 = Release|Any CPU
		{365E4C96-AE10-4893-BEE4-E0160B93D011}.Debug|Any CPU.ActiveCfg = Debug|Any CPU
		{365E4C96-AE10-4893-BEE4-E0160B93D011}.Debug|Any CPU.Build.0 = Debug|Any CPU
		{365E4C96-AE10-4893-BEE4-E0160B93D011}.Release|Any CPU.ActiveCfg = Release|Any CPU
		{365E4C96-AE10-4893-BEE4-E0160B93D011}.Release|Any CPU.Build.0 = Release|Any CPU
		{E47D8D15-4019-4D65-89EB-0CC230B7BED4}.Debug|Any CPU.ActiveCfg = Debug|Any CPU
		{E47D8D15-4019-4D65-89EB-0CC230B7BED4}.Debug|Any CPU.Build.0 = Debug|Any CPU
		{E47D8D15-4019-4D65-89EB-0CC230B7BED4}.Release|Any CPU.ActiveCfg = Release|Any CPU
		{E47D8D15-4019-4D65-89EB-0CC230B7BED4}.Release|Any CPU.Build.0 = Release|Any CPU
		{53F09A3D-8B41-419C-A955-C62F81A9C9F8}.Debug|Any CPU.ActiveCfg = Debug|Any CPU
		{53F09A3D-8B41-419C-A955-C62F81A9C9F8}.Debug|Any CPU.Build.0 = Debug|Any CPU
		{53F09A3D-8B41-419C-A955-C62F81A9C9F8}.Release|Any CPU.ActiveCfg = Release|Any CPU
		{53F09A3D-8B41-419C-A955-C62F81A9C9F8}.Release|Any CPU.Build.0 = Release|Any CPU
		{D3BE7F66-920E-42C2-B44F-A1A9B97DAB5E}.Debug|Any CPU.ActiveCfg = Debug|Any CPU
		{D3BE7F66-920E-42C2-B44F-A1A9B97DAB5E}.Debug|Any CPU.Build.0 = Debug|Any CPU
		{D3BE7F66-920E-42C2-B44F-A1A9B97DAB5E}.Release|Any CPU.ActiveCfg = Release|Any CPU
		{D3BE7F66-920E-42C2-B44F-A1A9B97DAB5E}.Release|Any CPU.Build.0 = Release|Any CPU
		{FDA764B4-F6BD-414A-A5CF-12E4FFF69E6E}.Debug|Any CPU.ActiveCfg = Debug|Any CPU
		{FDA764B4-F6BD-414A-A5CF-12E4FFF69E6E}.Debug|Any CPU.Build.0 = Debug|Any CPU
		{FDA764B4-F6BD-414A-A5CF-12E4FFF69E6E}.Release|Any CPU.ActiveCfg = Release|Any CPU
		{FDA764B4-F6BD-414A-A5CF-12E4FFF69E6E}.Release|Any CPU.Build.0 = Release|Any CPU
		{43950113-EE84-440D-9E6C-0EA5C2C74AC0}.Debug|Any CPU.ActiveCfg = Debug|Any CPU
		{43950113-EE84-440D-9E6C-0EA5C2C74AC0}.Debug|Any CPU.Build.0 = Debug|Any CPU
		{43950113-EE84-440D-9E6C-0EA5C2C74AC0}.Release|Any CPU.ActiveCfg = Release|Any CPU
		{43950113-EE84-440D-9E6C-0EA5C2C74AC0}.Release|Any CPU.Build.0 = Release|Any CPU
		{775C4A1E-46B4-4531-B8B4-E87BEC3D0687}.Debug|Any CPU.ActiveCfg = Debug|Any CPU
		{775C4A1E-46B4-4531-B8B4-E87BEC3D0687}.Debug|Any CPU.Build.0 = Debug|Any CPU
		{775C4A1E-46B4-4531-B8B4-E87BEC3D0687}.Release|Any CPU.ActiveCfg = Release|Any CPU
		{775C4A1E-46B4-4531-B8B4-E87BEC3D0687}.Release|Any CPU.Build.0 = Release|Any CPU
		{4FD176CF-FF38-448E-9329-60502BACA463}.Debug|Any CPU.ActiveCfg = Debug|Any CPU
		{4FD176CF-FF38-448E-9329-60502BACA463}.Debug|Any CPU.Build.0 = Debug|Any CPU
		{4FD176CF-FF38-448E-9329-60502BACA463}.Release|Any CPU.ActiveCfg = Release|Any CPU
		{4FD176CF-FF38-448E-9329-60502BACA463}.Release|Any CPU.Build.0 = Release|Any CPU
		{86DC7DE6-13A7-461F-B905-04AE5B8EC4F8}.Debug|Any CPU.ActiveCfg = Debug|Any CPU
		{86DC7DE6-13A7-461F-B905-04AE5B8EC4F8}.Debug|Any CPU.Build.0 = Debug|Any CPU
		{86DC7DE6-13A7-461F-B905-04AE5B8EC4F8}.Release|Any CPU.ActiveCfg = Release|Any CPU
		{86DC7DE6-13A7-461F-B905-04AE5B8EC4F8}.Release|Any CPU.Build.0 = Release|Any CPU
	EndGlobalSection
	GlobalSection(SolutionProperties) = preSolution
		HideSolutionNode = FALSE
	EndGlobalSection
	GlobalSection(ExtensibilityGlobals) = postSolution
		SolutionGuid = {961829BD-C3D0-4E30-B716-FA6BF563BEBC}
	EndGlobalSection
EndGlobal
